
Microsoft Visual Studio Solution File, Format Version 12.00
# Visual Studio Version 16
VisualStudioVersion = 16.0.31410.357
MinimumVisualStudioVersion = 10.0.40219.1
Project("{8BC9CEB8-8B4A-11D0-8D11-00A0C91BC942}") = "Test1", "Test1\Test1.vcxproj", "{7569D931-EDFB-40CF-B822-57B82D6479FB}"
EndProject
Project("{8BC9CEB8-8B4A-11D0-8D11-00A0C91BC942}") = "Test2", "Test2\Test2.vcxproj", "{C4C15668-3DCA-4D64-BD48-605B2323EC85}"
EndProject
Project("{8BC9CEB8-8B4A-11D0-8D11-00A0C91BC942}") = "Test3", "Test3\Test3.vcxproj", "{F84EF9A4-C294-44F5-88E5-67AFDF079405}"
EndProject
Global
	GlobalSection(SolutionConfigurationPlatforms) = preSolution
		Debug|x64 = Debug|x64
		Debug|x86 = Debug|x86
		Release|x64 = Release|x64
		Release|x86 = Release|x86
	EndGlobalSection
	GlobalSection(ProjectConfigurationPlatforms) = postSolution
		{7569D931-EDFB-40CF-B822-57B82D6479FB}.Debug|x64.ActiveCfg = Debug|x64
		{7569D931-EDFB-40CF-B822-57B82D6479FB}.Debug|x64.Build.0 = Debug|x64
		{7569D931-EDFB-40CF-B822-57B82D6479FB}.Debug|x86.ActiveCfg = Debug|Win32
		{7569D931-EDFB-40CF-B822-57B82D6479FB}.Debug|x86.Build.0 = Debug|Win32
		{7569D931-EDFB-40CF-B822-57B82D6479FB}.Release|x64.ActiveCfg = Release|x64
		{7569D931-EDFB-40CF-B822-57B82D6479FB}.Release|x64.Build.0 = Release|x64
		{7569D931-EDFB-40CF-B822-57B82D6479FB}.Release|x86.ActiveCfg = Release|Win32
		{7569D931-EDFB-40CF-B822-57B82D6479FB}.Release|x86.Build.0 = Release|Win32
		{C4C15668-3DCA-4D64-BD48-605B2323EC85}.Debug|x64.ActiveCfg = Debug|x64
		{C4C15668-3DCA-4D64-BD48-605B2323EC85}.Debug|x64.Build.0 = Debug|x64
		{C4C15668-3DCA-4D64-BD48-605B2323EC85}.Debug|x86.ActiveCfg = Debug|Win32
		{C4C15668-3DCA-4D64-BD48-605B2323EC85}.Debug|x86.Build.0 = Debug|Win32
		{C4C15668-3DCA-4D64-BD48-605B2323EC85}.Release|x64.ActiveCfg = Release|x64
		{C4C15668-3DCA-4D64-BD48-605B2323EC85}.Release|x64.Build.0 = Release|x64
		{C4C15668-3DCA-4D64-BD48-605B2323EC85}.Release|x86.ActiveCfg = Release|Win32
		{C4C15668-3DCA-4D64-BD48-605B2323EC85}.Release|x86.Build.0 = Release|Win32
		{F84EF9A4-C294-44F5-88E5-67AFDF079405}.Debug|x64.ActiveCfg = Debug|x64
		{F84EF9A4-C294-44F5-88E5-67AFDF079405}.Debug|x64.Build.0 = Debug|x64
		{F84EF9A4-C294-44F5-88E5-67AFDF079405}.Debug|x86.ActiveCfg = Debug|Win32
		{F84EF9A4-C294-44F5-88E5-67AFDF079405}.Debug|x86.Build.0 = Debug|Win32
		{F84EF9A4-C294-44F5-88E5-67AFDF079405}.Release|x64.ActiveCfg = Release|x64
		{F84EF9A4-C294-44F5-88E5-67AFDF079405}.Release|x64.Build.0 = Release|x64
		{F84EF9A4-C294-44F5-88E5-67AFDF079405}.Release|x86.ActiveCfg = Release|Win32
		{F84EF9A4-C294-44F5-88E5-67AFDF079405}.Release|x86.Build.0 = Release|Win32
	EndGlobalSection
	GlobalSection(SolutionProperties) = preSolution
		HideSolutionNode = FALSE
	EndGlobalSection
	GlobalSection(ExtensibilityGlobals) = postSolution
		SolutionGuid = {E0A8B077-3F06-4E7A-BAB2-7B1C9DE3AF43}
	EndGlobalSection
EndGlobal
